
Microsoft Visual Studio Solution File, Format Version 12.00
# Visual Studio Version 17
VisualStudioVersion = 17.4.33213.308
MinimumVisualStudioVersion = 10.0.40219.1
Project("{9A19103F-16F7-4668-BE54-9A1E7A4F7556}") = "SevereWeatherPrep", "SevereWeatherPrep.csproj", "{AB9E1A71-DF34-42FB-91C8-C8F924CF9ACB}"
EndProject
Global
	GlobalSection(SolutionConfigurationPlatforms) = preSolution
		Debug|Any CPU = Debug|Any CPU
		Release|Any CPU = Release|Any CPU
	EndGlobalSection
	GlobalSection(ProjectConfigurationPlatforms) = postSolution
		{AB9E1A71-DF34-42FB-91C8-C8F924CF9ACB}.Debug|Any CPU.ActiveCfg = Debug|Any CPU
		{AB9E1A71-DF34-42FB-91C8-C8F924CF9ACB}.Debug|Any CPU.Build.0 = Debug|Any CPU
		{AB9E1A71-DF34-42FB-91C8-C8F924CF9ACB}.Release|Any CPU.ActiveCfg = Release|Any CPU
		{AB9E1A71-DF34-42FB-91C8-C8F924CF9ACB}.Release|Any CPU.Build.0 = Release|Any CPU
	EndGlobalSection
	GlobalSection(SolutionProperties) = preSolution
		HideSolutionNode = FALSE
	EndGlobalSection
	GlobalSection(ExtensibilityGlobals) = postSolution
		SolutionGuid = {98E8331D-2AB3-4850-842F-2AA9E91EF9B8}
	EndGlobalSection
EndGlobal
